// !$*UTF8*$!
{
	archiveVersion = 1;
	classes = {
	};
	objectVersion = 46;
	objects = {

/* Begin PBXBuildFile section */
		853CEAC02126051B0005EBE4 /* AppDelegate.swift in Sources */ = {isa = PBXBuildFile; fileRef = 853CEABF2126051B0005EBE4 /* AppDelegate.swift */; };
		853CEAC22126051B0005EBE4 /* ViewController.swift in Sources */ = {isa = PBXBuildFile; fileRef = 853CEAC12126051B0005EBE4 /* ViewController.swift */; };
		853CEAC52126051B0005EBE4 /* Main.storyboard in Resources */ = {isa = PBXBuildFile; fileRef = 853CEAC32126051B0005EBE4 /* Main.storyboard */; };
		853CEAC72126051B0005EBE4 /* Assets.xcassets in Resources */ = {isa = PBXBuildFile; fileRef = 853CEAC62126051B0005EBE4 /* Assets.xcassets */; };
		853CEACA2126051B0005EBE4 /* LaunchScreen.storyboard in Resources */ = {isa = PBXBuildFile; fileRef = 853CEAC82126051B0005EBE4 /* LaunchScreen.storyboard */; };
		853CEAD52126051B0005EBE4 /* ConstraintsTests.swift in Sources */ = {isa = PBXBuildFile; fileRef = 853CEAD42126051B0005EBE4 /* ConstraintsTests.swift */; };
		853CEAE02126051C0005EBE4 /* ConstraintsUITests.swift in Sources */ = {isa = PBXBuildFile; fileRef = 853CEADF2126051C0005EBE4 /* ConstraintsUITests.swift */; };
/* End PBXBuildFile section */

/* Begin PBXContainerItemProxy section */
		853CEAD12126051B0005EBE4 /* PBXContainerItemProxy */ = {
			isa = PBXContainerItemProxy;
			containerPortal = 853CEAB42126051A0005EBE4 /* Project object */;
			proxyType = 1;
			remoteGlobalIDString = 853CEABB2126051A0005EBE4;
			remoteInfo = Constraints;
		};
		853CEADC2126051C0005EBE4 /* PBXContainerItemProxy */ = {
			isa = PBXContainerItemProxy;
			containerPortal = 853CEAB42126051A0005EBE4 /* Project object */;
			proxyType = 1;
			remoteGlobalIDString = 853CEABB2126051A0005EBE4;
			remoteInfo = Constraints;
		};
/* End PBXContainerItemProxy section */

/* Begin PBXFileReference section */
		853CEABC2126051B0005EBE4 /* Constraints.app */ = {isa = PBXFileReference; explicitFileType = wrapper.application; includeInIndex = 0; path = Constraints.app; sourceTree = BUILT_PRODUCTS_DIR; };
		853CEABF2126051B0005EBE4 /* AppDelegate.swift */ = {isa = PBXFileReference; lastKnownFileType = sourcecode.swift; path = AppDelegate.swift; sourceTree = "<group>"; };
		853CEAC12126051B0005EBE4 /* ViewController.swift */ = {isa = PBXFileReference; lastKnownFileType = sourcecode.swift; path = ViewController.swift; sourceTree = "<group>"; };
		853CEAC42126051B0005EBE4 /* Base */ = {isa = PBXFileReference; lastKnownFileType = file.storyboard; name = Base; path = Base.lproj/Main.storyboard; sourceTree = "<group>"; };
		853CEAC62126051B0005EBE4 /* Assets.xcassets */ = {isa = PBXFileReference; lastKnownFileType = folder.assetcatalog; path = Assets.xcassets; sourceTree = "<group>"; };
		853CEAC92126051B0005EBE4 /* Base */ = {isa = PBXFileReference; lastKnownFileType = file.storyboard; name = Base; path = Base.lproj/LaunchScreen.storyboard; sourceTree = "<group>"; };
		853CEACB2126051B0005EBE4 /* Info.plist */ = {isa = PBXFileReference; lastKnownFileType = text.plist.xml; path = Info.plist; sourceTree = "<group>"; };
		853CEAD02126051B0005EBE4 /* ConstraintsTests.xctest */ = {isa = PBXFileReference; explicitFileType = wrapper.cfbundle; includeInIndex = 0; path = ConstraintsTests.xctest; sourceTree = BUILT_PRODUCTS_DIR; };
		853CEAD42126051B0005EBE4 /* ConstraintsTests.swift */ = {isa = PBXFileReference; lastKnownFileType = sourcecode.swift; path = ConstraintsTests.swift; sourceTree = "<group>"; };
		853CEAD62126051B0005EBE4 /* Info.plist */ = {isa = PBXFileReference; lastKnownFileType = text.plist.xml; path = Info.plist; sourceTree = "<group>"; };
		853CEADB2126051C0005EBE4 /* ConstraintsUITests.xctest */ = {isa = PBXFileReference; explicitFileType = wrapper.cfbundle; includeInIndex = 0; path = ConstraintsUITests.xctest; sourceTree = BUILT_PRODUCTS_DIR; };
		853CEADF2126051C0005EBE4 /* ConstraintsUITests.swift */ = {isa = PBXFileReference; lastKnownFileType = sourcecode.swift; path = ConstraintsUITests.swift; sourceTree = "<group>"; };
		853CEAE12126051C0005EBE4 /* Info.plist */ = {isa = PBXFileReference; lastKnownFileType = text.plist.xml; path = Info.plist; sourceTree = "<group>"; };
/* End PBXFileReference section */

/* Begin PBXFrameworksBuildPhase section */
		853CEAB92126051A0005EBE4 /* Frameworks */ = {
			isa = PBXFrameworksBuildPhase;
			buildActionMask = 2147483647;
			files = (
			);
			runOnlyForDeploymentPostprocessing = 0;
		};
		853CEACD2126051B0005EBE4 /* Frameworks */ = {
			isa = PBXFrameworksBuildPhase;
			buildActionMask = 2147483647;
			files = (
			);
			runOnlyForDeploymentPostprocessing = 0;
		};
		853CEAD82126051C0005EBE4 /* Frameworks */ = {
			isa = PBXFrameworksBuildPhase;
			buildActionMask = 2147483647;
			files = (
			);
			runOnlyForDeploymentPostprocessing = 0;
		};
/* End PBXFrameworksBuildPhase section */

/* Begin PBXGroup section */
		853CEAB32126051A0005EBE4 = {
			isa = PBXGroup;
			children = (
				853CEABE2126051B0005EBE4 /* Constraints */,
				853CEAD32126051B0005EBE4 /* ConstraintsTests */,
				853CEADE2126051C0005EBE4 /* ConstraintsUITests */,
				853CEABD2126051B0005EBE4 /* Products */,
			);
			sourceTree = "<group>";
		};
		853CEABD2126051B0005EBE4 /* Products */ = {
			isa = PBXGroup;
			children = (
				853CEABC2126051B0005EBE4 /* Constraints.app */,
				853CEAD02126051B0005EBE4 /* ConstraintsTests.xctest */,
				853CEADB2126051C0005EBE4 /* ConstraintsUITests.xctest */,
			);
			name = Products;
			sourceTree = "<group>";
		};
		853CEABE2126051B0005EBE4 /* Constraints */ = {
			isa = PBXGroup;
			children = (
				853CEABF2126051B0005EBE4 /* AppDelegate.swift */,
				853CEAC12126051B0005EBE4 /* ViewController.swift */,
				853CEAC32126051B0005EBE4 /* Main.storyboard */,
				853CEAC62126051B0005EBE4 /* Assets.xcassets */,
				853CEAC82126051B0005EBE4 /* LaunchScreen.storyboard */,
				853CEACB2126051B0005EBE4 /* Info.plist */,
			);
			path = Constraints;
			sourceTree = "<group>";
		};
		853CEAD32126051B0005EBE4 /* ConstraintsTests */ = {
			isa = PBXGroup;
			children = (
				853CEAD42126051B0005EBE4 /* ConstraintsTests.swift */,
				853CEAD62126051B0005EBE4 /* Info.plist */,
			);
			path = ConstraintsTests;
			sourceTree = "<group>";
		};
		853CEADE2126051C0005EBE4 /* ConstraintsUITests */ = {
			isa = PBXGroup;
			children = (
				853CEADF2126051C0005EBE4 /* ConstraintsUITests.swift */,
				853CEAE12126051C0005EBE4 /* Info.plist */,
			);
			path = ConstraintsUITests;
			sourceTree = "<group>";
		};
/* End PBXGroup section */

/* Begin PBXNativeTarget section */
		853CEABB2126051A0005EBE4 /* Constraints */ = {
			isa = PBXNativeTarget;
			buildConfigurationList = 853CEAE42126051C0005EBE4 /* Build configuration list for PBXNativeTarget "Constraints" */;
			buildPhases = (
				853CEAB82126051A0005EBE4 /* Sources */,
				853CEAB92126051A0005EBE4 /* Frameworks */,
				853CEABA2126051A0005EBE4 /* Resources */,
			);
			buildRules = (
			);
			dependencies = (
			);
			name = Constraints;
			productName = Constraints;
			productReference = 853CEABC2126051B0005EBE4 /* Constraints.app */;
			productType = "com.apple.product-type.application";
		};
		853CEACF2126051B0005EBE4 /* ConstraintsTests */ = {
			isa = PBXNativeTarget;
			buildConfigurationList = 853CEAE72126051C0005EBE4 /* Build configuration list for PBXNativeTarget "ConstraintsTests" */;
			buildPhases = (
				853CEACC2126051B0005EBE4 /* Sources */,
				853CEACD2126051B0005EBE4 /* Frameworks */,
				853CEACE2126051B0005EBE4 /* Resources */,
			);
			buildRules = (
			);
			dependencies = (
				853CEAD22126051B0005EBE4 /* PBXTargetDependency */,
			);
			name = ConstraintsTests;
			productName = ConstraintsTests;
			productReference = 853CEAD02126051B0005EBE4 /* ConstraintsTests.xctest */;
			productType = "com.apple.product-type.bundle.unit-test";
		};
		853CEADA2126051C0005EBE4 /* ConstraintsUITests */ = {
			isa = PBXNativeTarget;
			buildConfigurationList = 853CEAEA2126051C0005EBE4 /* Build configuration list for PBXNativeTarget "ConstraintsUITests" */;
			buildPhases = (
				853CEAD72126051C0005EBE4 /* Sources */,
				853CEAD82126051C0005EBE4 /* Frameworks */,
				853CEAD92126051C0005EBE4 /* Resources */,
			);
			buildRules = (
			);
			dependencies = (
				853CEADD2126051C0005EBE4 /* PBXTargetDependency */,
			);
			name = ConstraintsUITests;
			productName = ConstraintsUITests;
			productReference = 853CEADB2126051C0005EBE4 /* ConstraintsUITests.xctest */;
			productType = "com.apple.product-type.bundle.ui-testing";
		};
/* End PBXNativeTarget section */

/* Begin PBXProject section */
		853CEAB42126051A0005EBE4 /* Project object */ = {
			isa = PBXProject;
			attributes = {
				LastSwiftUpdateCheck = 0820;
				LastUpgradeCheck = 0820;
				ORGANIZATIONNAME = Maestro;
				TargetAttributes = {
					853CEABB2126051A0005EBE4 = {
						CreatedOnToolsVersion = 8.2;
						ProvisioningStyle = Automatic;
					};
					853CEACF2126051B0005EBE4 = {
						CreatedOnToolsVersion = 8.2;
						ProvisioningStyle = Automatic;
						TestTargetID = 853CEABB2126051A0005EBE4;
					};
					853CEADA2126051C0005EBE4 = {
						CreatedOnToolsVersion = 8.2;
						ProvisioningStyle = Automatic;
						TestTargetID = 853CEABB2126051A0005EBE4;
					};
				};
			};
			buildConfigurationList = 853CEAB72126051A0005EBE4 /* Build configuration list for PBXProject "Constraints" */;
			compatibilityVersion = "Xcode 3.2";
			developmentRegion = English;
			hasScannedForEncodings = 0;
			knownRegions = (
				en,
				Base,
			);
			mainGroup = 853CEAB32126051A0005EBE4;
			productRefGroup = 853CEABD2126051B0005EBE4 /* Products */;
			projectDirPath = "";
			projectRoot = "";
			targets = (
				853CEABB2126051A0005EBE4 /* Constraints */,
				853CEACF2126051B0005EBE4 /* ConstraintsTests */,
				853CEADA2126051C0005EBE4 /* ConstraintsUITests */,
			);
		};
/* End PBXProject section */

/* Begin PBXResourcesBuildPhase section */
		853CEABA2126051A0005EBE4 /* Resources */ = {
			isa = PBXResourcesBuildPhase;
			buildActionMask = 2147483647;
			files = (
				853CEACA2126051B0005EBE4 /* LaunchScreen.storyboard in Resources */,
				853CEAC72126051B0005EBE4 /* Assets.xcassets in Resources */,
				853CEAC52126051B0005EBE4 /* Main.storyboard in Resources */,
			);
			runOnlyForDeploymentPostprocessing = 0;
		};
		853CEACE2126051B0005EBE4 /* Resources */ = {
			isa = PBXResourcesBuildPhase;
			buildActionMask = 2147483647;
			files = (
			);
			runOnlyForDeploymentPostprocessing = 0;
		};
		853CEAD92126051C0005EBE4 /* Resources */ = {
			isa = PBXResourcesBuildPhase;
			buildActionMask = 2147483647;
			files = (
			);
			runOnlyForDeploymentPostprocessing = 0;
		};
/* End PBXResourcesBuildPhase section */

/* Begin PBXSourcesBuildPhase section */
		853CEAB82126051A0005EBE4 /* Sources */ = {
			isa = PBXSourcesBuildPhase;
			buildActionMask = 2147483647;
			files = (
				853CEAC22126051B0005EBE4 /* ViewController.swift in Sources */,
				853CEAC02126051B0005EBE4 /* AppDelegate.swift in Sources */,
			);
			runOnlyForDeploymentPostprocessing = 0;
		};
		853CEACC2126051B0005EBE4 /* Sources */ = {
			isa = PBXSourcesBuildPhase;
			buildActionMask = 2147483647;
			files = (
				853CEAD52126051B0005EBE4 /* ConstraintsTests.swift in Sources */,
			);
			runOnlyForDeploymentPostprocessing = 0;
		};
		853CEAD72126051C0005EBE4 /* Sources */ = {
			isa = PBXSourcesBuildPhase;
			buildActionMask = 2147483647;
			files = (
				853CEAE02126051C0005EBE4 /* ConstraintsUITests.swift in Sources */,
			);
			runOnlyForDeploymentPostprocessing = 0;
		};
/* End PBXSourcesBuildPhase section */

/* Begin PBXTargetDependency section */
		853CEAD22126051B0005EBE4 /* PBXTargetDependency */ = {
			isa = PBXTargetDependency;
			target = 853CEABB2126051A0005EBE4 /* Constraints */;
			targetProxy = 853CEAD12126051B0005EBE4 /* PBXContainerItemProxy */;
		};
		853CEADD2126051C0005EBE4 /* PBXTargetDependency */ = {
			isa = PBXTargetDependency;
			target = 853CEABB2126051A0005EBE4 /* Constraints */;
			targetProxy = 853CEADC2126051C0005EBE4 /* PBXContainerItemProxy */;
		};
/* End PBXTargetDependency section */

/* Begin PBXVariantGroup section */
		853CEAC32126051B0005EBE4 /* Main.storyboard */ = {
			isa = PBXVariantGroup;
			children = (
				853CEAC42126051B0005EBE4 /* Base */,
			);
			name = Main.storyboard;
			sourceTree = "<group>";
		};
		853CEAC82126051B0005EBE4 /* LaunchScreen.storyboard */ = {
			isa = PBXVariantGroup;
			children = (
				853CEAC92126051B0005EBE4 /* Base */,
			);
			name = LaunchScreen.storyboard;
			sourceTree = "<group>";
		};
/* End PBXVariantGroup section */

/* Begin XCBuildConfiguration section */
		853CEAE22126051C0005EBE4 /* Debug */ = {
			isa = XCBuildConfiguration;
			buildSettings = {
				ALWAYS_SEARCH_USER_PATHS = NO;
				CLANG_ANALYZER_NONNULL = YES;
				CLANG_CXX_LANGUAGE_STANDARD = "gnu++0x";
				CLANG_CXX_LIBRARY = "libc++";
				CLANG_ENABLE_MODULES = YES;
				CLANG_ENABLE_OBJC_ARC = YES;
				CLANG_WARN_BOOL_CONVERSION = YES;
				CLANG_WARN_CONSTANT_CONVERSION = YES;
				CLANG_WARN_DIRECT_OBJC_ISA_USAGE = YES_ERROR;
				CLANG_WARN_DOCUMENTATION_COMMENTS = YES;
				CLANG_WARN_EMPTY_BODY = YES;
				CLANG_WARN_ENUM_CONVERSION = YES;
				CLANG_WARN_INFINITE_RECURSION = YES;
				CLANG_WARN_INT_CONVERSION = YES;
				CLANG_WARN_OBJC_ROOT_CLASS = YES_ERROR;
				CLANG_WARN_SUSPICIOUS_MOVE = YES;
				CLANG_WARN_UNREACHABLE_CODE = YES;
				CLANG_WARN__DUPLICATE_METHOD_MATCH = YES;
				"CODE_SIGN_IDENTITY[sdk=iphoneos*]" = "iPhone Developer";
				COPY_PHASE_STRIP = NO;
				DEBUG_INFORMATION_FORMAT = dwarf;
				ENABLE_STRICT_OBJC_MSGSEND = YES;
				ENABLE_TESTABILITY = YES;
				GCC_C_LANGUAGE_STANDARD = gnu99;
				GCC_DYNAMIC_NO_PIC = NO;
				GCC_NO_COMMON_BLOCKS = YES;
				GCC_OPTIMIZATION_LEVEL = 0;
				GCC_PREPROCESSOR_DEFINITIONS = (
					"DEBUG=1",
					"$(inherited)",
				);
				GCC_WARN_64_TO_32_BIT_CONVERSION = YES;
				GCC_WARN_ABOUT_RETURN_TYPE = YES_ERROR;
				GCC_WARN_UNDECLARED_SELECTOR = YES;
				GCC_WARN_UNINITIALIZED_AUTOS = YES_AGGRESSIVE;
				GCC_WARN_UNUSED_FUNCTION = YES;
				GCC_WARN_UNUSED_VARIABLE = YES;
				IPHONEOS_DEPLOYMENT_TARGET = 10.2;
				MTL_ENABLE_DEBUG_INFO = YES;
				ONLY_ACTIVE_ARCH = YES;
				SDKROOT = iphoneos;
				SWIFT_ACTIVE_COMPILATION_CONDITIONS = DEBUG;
				SWIFT_OPTIMIZATION_LEVEL = "-Onone";
				TARGETED_DEVICE_FAMILY = "1,2";
			};
			name = Debug;
		};
		853CEAE32126051C0005EBE4 /* Release */ = {
			isa = XCBuildConfiguration;
			buildSettings = {
				ALWAYS_SEARCH_USER_PATHS = NO;
				CLANG_ANALYZER_NONNULL = YES;
				CLANG_CXX_LANGUAGE_STANDARD = "gnu++0x";
				CLANG_CXX_LIBRARY = "libc++";
				CLANG_ENABLE_MODULES = YES;
				CLANG_ENABLE_OBJC_ARC = YES;
				CLANG_WARN_BOOL_CONVERSION = YES;
				CLANG_WARN_CONSTANT_CONVERSION = YES;
				CLANG_WARN_DIRECT_OBJC_ISA_USAGE = YES_ERROR;
				CLANG_WARN_DOCUMENTATION_COMMENTS = YES;
				CLANG_WARN_EMPTY_BODY = YES;
				CLANG_WARN_ENUM_CONVERSION = YES;
				CLANG_WARN_INFINITE_RECURSION = YES;
				CLANG_WARN_INT_CONVERSION = YES;
				CLANG_WARN_OBJC_ROOT_CLASS = YES_ERROR;
				CLANG_WARN_SUSPICIOUS_MOVE = YES;
				CLANG_WARN_UNREACHABLE_CODE = YES;
				CLANG_WARN__DUPLICATE_METHOD_MATCH = YES;
				"CODE_SIGN_IDENTITY[sdk=iphoneos*]" = "iPhone Developer";
				COPY_PHASE_STRIP = NO;
				DEBUG_INFORMATION_FORMAT = "dwarf-with-dsym";
				ENABLE_NS_ASSERTIONS = NO;
				ENABLE_STRICT_OBJC_MSGSEND = YES;
				GCC_C_LANGUAGE_STANDARD = gnu99;
				GCC_NO_COMMON_BLOCKS = YES;
				GCC_WARN_64_TO_32_BIT_CONVERSION = YES;
				GCC_WARN_ABOUT_RETURN_TYPE = YES_ERROR;
				GCC_WARN_UNDECLARED_SELECTOR = YES;
				GCC_WARN_UNINITIALIZED_AUTOS = YES_AGGRESSIVE;
				GCC_WARN_UNUSED_FUNCTION = YES;
				GCC_WARN_UNUSED_VARIABLE = YES;
				IPHONEOS_DEPLOYMENT_TARGET = 10.2;
				MTL_ENABLE_DEBUG_INFO = NO;
				SDKROOT = iphoneos;
				SWIFT_OPTIMIZATION_LEVEL = "-Owholemodule";
				TARGETED_DEVICE_FAMILY = "1,2";
				VALIDATE_PRODUCT = YES;
			};
			name = Release;
		};
		853CEAE52126051C0005EBE4 /* Debug */ = {
			isa = XCBuildConfiguration;
			buildSettings = {
				ASSETCATALOG_COMPILER_APPICON_NAME = AppIcon;
				INFOPLIST_FILE = Constraints/Info.plist;
				LD_RUNPATH_SEARCH_PATHS = "$(inherited) @executable_path/Frameworks";
				PRODUCT_BUNDLE_IDENTIFIER = edu.ulsa.Constraints;
				PRODUCT_NAME = "$(TARGET_NAME)";
				SWIFT_VERSION = 3.0;
			};
			name = Debug;
		};
		853CEAE62126051C0005EBE4 /* Release */ = {
			isa = XCBuildConfiguration;
			buildSettings = {
				ASSETCATALOG_COMPILER_APPICON_NAME = AppIcon;
				INFOPLIST_FILE = Constraints/Info.plist;
				LD_RUNPATH_SEARCH_PATHS = "$(inherited) @executable_path/Frameworks";
				PRODUCT_BUNDLE_IDENTIFIER = edu.ulsa.Constraints;
				PRODUCT_NAME = "$(TARGET_NAME)";
				SWIFT_VERSION = 3.0;
			};
			name = Release;
		};
		853CEAE82126051C0005EBE4 /* Debug */ = {
			isa = XCBuildConfiguration;
			buildSettings = {
				ALWAYS_EMBED_SWIFT_STANDARD_LIBRARIES = YES;
				BUNDLE_LOADER = "$(TEST_HOST)";
				INFOPLIST_FILE = ConstraintsTests/Info.plist;
				LD_RUNPATH_SEARCH_PATHS = "$(inherited) @executable_path/Frameworks @loader_path/Frameworks";
				PRODUCT_BUNDLE_IDENTIFIER = edu.ulsa.ConstraintsTests;
				PRODUCT_NAME = "$(TARGET_NAME)";
				SWIFT_VERSION = 3.0;
				TEST_HOST = "$(BUILT_PRODUCTS_DIR)/Constraints.app/Constraints";
			};
			name = Debug;
		};
		853CEAE92126051C0005EBE4 /* Release */ = {
			isa = XCBuildConfiguration;
			buildSettings = {
				ALWAYS_EMBED_SWIFT_STANDARD_LIBRARIES = YES;
				BUNDLE_LOADER = "$(TEST_HOST)";
				INFOPLIST_FILE = ConstraintsTests/Info.plist;
				LD_RUNPATH_SEARCH_PATHS = "$(inherited) @executable_path/Frameworks @loader_path/Frameworks";
				PRODUCT_BUNDLE_IDENTIFIER = edu.ulsa.ConstraintsTests;
				PRODUCT_NAME = "$(TARGET_NAME)";
				SWIFT_VERSION = 3.0;
				TEST_HOST = "$(BUILT_PRODUCTS_DIR)/Constraints.app/Constraints";
			};
			name = Release;
		};
		853CEAEB2126051C0005EBE4 /* Debug */ = {
			isa = XCBuildConfiguration;
			buildSettings = {
				ALWAYS_EMBED_SWIFT_STANDARD_LIBRARIES = YES;
				INFOPLIST_FILE = ConstraintsUITests/Info.plist;
				LD_RUNPATH_SEARCH_PATHS = "$(inherited) @executable_path/Frameworks @loader_path/Frameworks";
				PRODUCT_BUNDLE_IDENTIFIER = edu.ulsa.ConstraintsUITests;
				PRODUCT_NAME = "$(TARGET_NAME)";
				SWIFT_VERSION = 3.0;
				TEST_TARGET_NAME = Constraints;
			};
			name = Debug;
		};
		853CEAEC2126051C0005EBE4 /* Release */ = {
			isa = XCBuildConfiguration;
			buildSettings = {
				ALWAYS_EMBED_SWIFT_STANDARD_LIBRARIES = YES;
				INFOPLIST_FILE = ConstraintsUITests/Info.plist;
				LD_RUNPATH_SEARCH_PATHS = "$(inherited) @executable_path/Frameworks @loader_path/Frameworks";
				PRODUCT_BUNDLE_IDENTIFIER = edu.ulsa.ConstraintsUITests;
				PRODUCT_NAME = "$(TARGET_NAME)";
				SWIFT_VERSION = 3.0;
				TEST_TARGET_NAME = Constraints;
			};
			name = Release;
		};
/* End XCBuildConfiguration section */

/* Begin XCConfigurationList section */
		853CEAB72126051A0005EBE4 /* Build configuration list for PBXProject "Constraints" */ = {
			isa = XCConfigurationList;
			buildConfigurations = (
				853CEAE22126051C0005EBE4 /* Debug */,
				853CEAE32126051C0005EBE4 /* Release */,
			);
			defaultConfigurationIsVisible = 0;
			defaultConfigurationName = Release;
		};
		853CEAE42126051C0005EBE4 /* Build configuration list for PBXNativeTarget "Constraints" */ = {
			isa = XCConfigurationList;
			buildConfigurations = (
				853CEAE52126051C0005EBE4 /* Debug */,
				853CEAE62126051C0005EBE4 /* Release */,
			);
			defaultConfigurationIsVisible = 0;
		};
		853CEAE72126051C0005EBE4 /* Build configuration list for PBXNativeTarget "ConstraintsTests" */ = {
			isa = XCConfigurationList;
			buildConfigurations = (
				853CEAE82126051C0005EBE4 /* Debug */,
				853CEAE92126051C0005EBE4 /* Release */,
			);
			defaultConfigurationIsVisible = 0;
		};
		853CEAEA2126051C0005EBE4 /* Build configuration list for PBXNativeTarget "ConstraintsUITests" */ = {
			isa = XCConfigurationList;
			buildConfigurations = (
				853CEAEB2126051C0005EBE4 /* Debug */,
				853CEAEC2126051C0005EBE4 /* Release */,
			);
			defaultConfigurationIsVisible = 0;
		};
/* End XCConfigurationList section */
	};
	rootObject = 853CEAB42126051A0005EBE4 /* Project object */;
}
